{
  "version": 4,
  "terraform_version": "1.7.5",
  "serial": 124,
  "lineage": "a2586e8f-c421-b507-484c-746ce5359c45",
  "outputs": {},
  "resources": [
    {
      "mode": "managed",
      "type": "aws_ec2_instance_state",
      "name": "nginx_state",
      "provider": "provider[\"registry.terraform.io/hashicorp/aws\"]",
      "instances": [
        {
          "schema_version": 0,
          "attributes": {
            "force": false,
            "id": "i-016308fa9599eb12f",
            "instance_id": "i-016308fa9599eb12f",
            "state": "running",
            "timeouts": null
          },
          "sensitive_attributes": [],
          "private": "eyJlMmJmYjczMC1lY2FhLTExZTYtOGY4OC0zNDM2M2JjN2M0YzAiOnsiY3JlYXRlIjo2MDAwMDAwMDAwMDAsImRlbGV0ZSI6NjAwMDAwMDAwMDAsInVwZGF0ZSI6NjAwMDAwMDAwMDAwfX0=",
          "dependencies": [
            "aws_instance.nginx",
            "aws_security_group.nginx_sg"
          ]
        }
      ]
    },
    {
      "mode": "managed",
      "type": "aws_instance",
      "name": "nginx",
      "provider": "provider[\"registry.terraform.io/hashicorp/aws\"]",
      "instances": [
        {
          "schema_version": 1,
          "attributes": {
            "ami": "ami-04b4f1a9cf54c11d0",
            "arn": "arn:aws:ec2:us-east-1:577638373217:instance/i-016308fa9599eb12f",
            "associate_public_ip_address": true,
            "availability_zone": "us-east-1a",
            "capacity_reservation_specification": [
              {
                "capacity_reservation_preference": "open",
                "capacity_reservation_target": []
              }
            ],
            "cpu_core_count": 1,
            "cpu_options": [
              {
                "amd_sev_snp": "",
                "core_count": 1,
                "threads_per_core": 2
              }
            ],
            "cpu_threads_per_core": 2,
            "credit_specification": [
              {
                "cpu_credits": "unlimited"
              }
            ],
            "disable_api_stop": false,
            "disable_api_termination": false,
            "ebs_block_device": [],
            "ebs_optimized": false,
            "enable_primary_ipv6": null,
            "enclave_options": [
              {
                "enabled": false
              }
            ],
            "ephemeral_block_device": [],
            "get_password_data": false,
            "hibernation": false,
            "host_id": "",
            "host_resource_group_arn": null,
            "iam_instance_profile": "",
            "id": "i-016308fa9599eb12f",
            "instance_initiated_shutdown_behavior": "stop",
            "instance_lifecycle": "",
            "instance_market_options": [],
            "instance_state": "running",
            "instance_type": "t3.micro",
            "ipv6_address_count": 0,
            "ipv6_addresses": [],
            "key_name": "nginx-key",
            "launch_template": [],
            "maintenance_options": [
              {
                "auto_recovery": "default"
              }
            ],
            "metadata_options": [
              {
                "http_endpoint": "enabled",
                "http_protocol_ipv6": "disabled",
                "http_put_response_hop_limit": 2,
                "http_tokens": "required",
                "instance_metadata_tags": "disabled"
              }
            ],
            "monitoring": false,
            "network_interface": [],
            "outpost_arn": "",
            "password_data": "",
            "placement_group": "",
            "placement_partition_number": 0,
            "primary_network_interface_id": "eni-0b9051ac7915bf448",
            "private_dns": "ip-172-31-87-131.ec2.internal",
            "private_dns_name_options": [
              {
                "enable_resource_name_dns_a_record": false,
                "enable_resource_name_dns_aaaa_record": false,
                "hostname_type": "ip-name"
              }
            ],
            "private_ip": "172.31.87.131",
            "public_dns": "ec2-34-226-155-53.compute-1.amazonaws.com",
            "public_ip": "34.226.155.53",
            "root_block_device": [
              {
                "delete_on_termination": true,
                "device_name": "/dev/sda1",
                "encrypted": false,
                "iops": 3000,
                "kms_key_id": "",
                "tags": {},
                "tags_all": {},
                "throughput": 125,
                "volume_id": "vol-083721143ceb6cfb1",
                "volume_size": 8,
                "volume_type": "gp3"
              }
            ],
            "secondary_private_ips": [],
            "security_groups": [
              "nginx_sg"
            ],
            "source_dest_check": true,
            "spot_instance_request_id": "",
            "subnet_id": "subnet-0c22f364d8b7961c7",
            "tags": {
              "Name": "Nginx-server",
              "Project": "Nginx-server"
            },
            "tags_all": {
              "Name": "Nginx-server",
              "Project": "Nginx-server"
            },
            "tenancy": "default",
            "timeouts": null,
            "user_data": null,
            "user_data_base64": null,
            "user_data_replace_on_change": false,
            "volume_tags": null,
            "vpc_security_group_ids": [
              "sg-0088f1562d924b9a5"
            ]
          },
          "sensitive_attributes": [],
          "private": "eyJlMmJmYjczMC1lY2FhLTExZTYtOGY4OC0zNDM2M2JjN2M0YzAiOnsiY3JlYXRlIjo2MDAwMDAwMDAwMDAsImRlbGV0ZSI6MTIwMDAwMDAwMDAwMCwicmVhZCI6OTAwMDAwMDAwMDAwLCJ1cGRhdGUiOjYwMDAwMDAwMDAwMH0sInNjaGVtYV92ZXJzaW9uIjoiMSJ9",
          "dependencies": [
            "aws_security_group.nginx_sg"
          ]
        }
      ]
    },
    {
      "mode": "managed",
      "type": "aws_key_pair",
      "name": "nginx-key",
      "provider": "provider[\"registry.terraform.io/hashicorp/aws\"]",
      "instances": [
        {
          "schema_version": 1,
          "attributes": {
            "arn": "arn:aws:ec2:us-east-1:577638373217:key-pair/nginx-key",
            "fingerprint": "Rr9kwItz/IRivRB0TEHfgQBi8QNZaawOe6RqwUtDPYE=",
            "id": "nginx-key",
            "key_name": "nginx-key",
            "key_name_prefix": "",
            "key_pair_id": "key-04a9e90f508179979",
            "key_type": "ed25519",
            "public_key": "ssh-ed25519 AAAAC3NzaC1lZDI1NTE5AAAAIGu542ghbMJa1JFBgDbrO1m3Pb2ZOWwmv9cWLkNr+4LI dell@DESKTOP-K5A2GMQ",
            "tags": {},
            "tags_all": {}
          },
          "sensitive_attributes": [],
          "private": "eyJzY2hlbWFfdmVyc2lvbiI6IjEifQ=="
        }
      ]
    },
    {
      "mode": "managed",
      "type": "aws_security_group",
      "name": "nginx_sg",
      "provider": "provider[\"registry.terraform.io/hashicorp/aws\"]",
      "instances": [
        {
          "schema_version": 1,
          "attributes": {
            "arn": "arn:aws:ec2:us-east-1:577638373217:security-group/sg-0088f1562d924b9a5",
            "description": " nginx_sg",
            "egress": [
              {
                "cidr_blocks": [
                  "0.0.0.0/0"
                ],
                "description": "",
                "from_port": 0,
                "ipv6_cidr_blocks": [
                  "::/0"
                ],
                "prefix_list_ids": [],
                "protocol": "-1",
                "security_groups": [],
                "self": false,
                "to_port": 0
              }
            ],
            "id": "sg-0088f1562d924b9a5",
            "ingress": [
              {
                "cidr_blocks": [
                  "0.0.0.0/0"
                ],
                "description": "",
                "from_port": 80,
                "ipv6_cidr_blocks": [],
                "prefix_list_ids": [],
                "protocol": "tcp",
                "security_groups": [],
                "self": false,
                "to_port": 80
              },
              {
                "cidr_blocks": [
                  "106.219.166.115/32"
                ],
                "description": "",
                "from_port": 22,
                "ipv6_cidr_blocks": [],
                "prefix_list_ids": [],
                "protocol": "tcp",
                "security_groups": [],
                "self": false,
                "to_port": 22
              }
            ],
            "name": "nginx_sg",
            "name_prefix": "",
            "owner_id": "577638373217",
            "revoke_rules_on_delete": false,
            "tags": {
              "Name": "nginx_sg"
            },
            "tags_all": {
              "Name": "nginx_sg"
            },
            "timeouts": null,
            "vpc_id": "vpc-08930fc155017279d"
          },
          "sensitive_attributes": [],
          "private": "eyJlMmJmYjczMC1lY2FhLTExZTYtOGY4OC0zNDM2M2JjN2M0YzAiOnsiY3JlYXRlIjo2MDAwMDAwMDAwMDAsImRlbGV0ZSI6OTAwMDAwMDAwMDAwfSwic2NoZW1hX3ZlcnNpb24iOiIxIn0="
        }
      ]
    },
    {
      "mode": "managed",
      "type": "aws_vpc_security_group_egress_rule",
      "name": "allow_all_OutBound_Rule_ipv4",
      "provider": "provider[\"registry.terraform.io/hashicorp/aws\"]",
      "instances": [
        {
          "schema_version": 0,
          "attributes": {
            "arn": "arn:aws:ec2:us-east-1:577638373217:security-group-rule/sgr-075aa7e7f813a63aa",
            "cidr_ipv4": "0.0.0.0/0",
            "cidr_ipv6": null,
            "description": null,
            "from_port": null,
            "id": "sgr-075aa7e7f813a63aa",
            "ip_protocol": "-1",
            "prefix_list_id": null,
            "referenced_security_group_id": null,
            "security_group_id": "sg-0088f1562d924b9a5",
            "security_group_rule_id": "sgr-075aa7e7f813a63aa",
            "tags": null,
            "tags_all": {},
            "to_port": null
          },
          "sensitive_attributes": [],
          "dependencies": [
            "aws_security_group.nginx_sg"
          ]
        }
      ]
    },
    {
      "mode": "managed",
      "type": "aws_vpc_security_group_egress_rule",
      "name": "allow_all_OutBound_Rule_ipv6",
      "provider": "provider[\"registry.terraform.io/hashicorp/aws\"]",
      "instances": [
        {
          "schema_version": 0,
          "attributes": {
            "arn": "arn:aws:ec2:us-east-1:577638373217:security-group-rule/sgr-073246e071b5fc27a",
            "cidr_ipv4": null,
            "cidr_ipv6": "::/0",
            "description": null,
            "from_port": null,
            "id": "sgr-073246e071b5fc27a",
            "ip_protocol": "-1",
            "prefix_list_id": null,
            "referenced_security_group_id": null,
            "security_group_id": "sg-0088f1562d924b9a5",
            "security_group_rule_id": "sgr-073246e071b5fc27a",
            "tags": null,
            "tags_all": {},
            "to_port": null
          },
          "sensitive_attributes": [],
          "dependencies": [
            "aws_security_group.nginx_sg"
          ]
        }
      ]
    },
    {
      "mode": "managed",
      "type": "aws_vpc_security_group_ingress_rule",
      "name": "allow_http",
      "provider": "provider[\"registry.terraform.io/hashicorp/aws\"]",
      "instances": [
        {
          "schema_version": 0,
          "attributes": {
            "arn": "arn:aws:ec2:us-east-1:577638373217:security-group-rule/sgr-050a14a32eb981695",
            "cidr_ipv4": "0.0.0.0/0",
            "cidr_ipv6": null,
            "description": null,
            "from_port": 80,
            "id": "sgr-050a14a32eb981695",
            "ip_protocol": "tcp",
            "prefix_list_id": null,
            "referenced_security_group_id": null,
            "security_group_id": "sg-0088f1562d924b9a5",
            "security_group_rule_id": "sgr-050a14a32eb981695",
            "tags": null,
            "tags_all": {},
            "to_port": 80
          },
          "sensitive_attributes": [],
          "dependencies": [
            "aws_security_group.nginx_sg"
          ]
        }
      ]
    },
    {
      "mode": "managed",
      "type": "aws_vpc_security_group_ingress_rule",
      "name": "sshfromMyIP",
      "provider": "provider[\"registry.terraform.io/hashicorp/aws\"]",
      "instances": [
        {
          "schema_version": 0,
          "attributes": {
            "arn": "arn:aws:ec2:us-east-1:577638373217:security-group-rule/sgr-04a2ab818c9b228ef",
            "cidr_ipv4": "106.219.166.115/32",
            "cidr_ipv6": null,
            "description": null,
            "from_port": 22,
            "id": "sgr-04a2ab818c9b228ef",
            "ip_protocol": "tcp",
            "prefix_list_id": null,
            "referenced_security_group_id": null,
            "security_group_id": "sg-0088f1562d924b9a5",
            "security_group_rule_id": "sgr-04a2ab818c9b228ef",
            "tags": null,
            "tags_all": {},
            "to_port": 22
          },
          "sensitive_attributes": [],
          "dependencies": [
            "aws_security_group.nginx_sg"
          ]
        }
      ]
    }
  ],
  "check_results": null
}
